PODS:
  - IHProgressHUD (0.1.4)
  - Kingfisher (7.2.1)
  - SwiftLint (0.47.1)

DEPENDENCIES:
  - IHProgressHUD
  - Kingfisher (~> 7.0)
  - SwiftLint

SPEC REPOS:
  trunk:
    - IHProgressHUD
    - Kingfisher
    - SwiftLint

SPEC CHECKSUMS:
  IHProgressHUD: a01846bfbb581c761c79747c67b08387c3bdfae3
  Kingfisher: 7c084bebf7d548c623ad41bcf765fb200efed369
  SwiftLint: f80f1be7fa96d30e0aa68e58d45d4ea1ccaac519

PODFILE CHECKSUM: 5f4e991f539b8534f584e667253d79f6a698e373

COCOAPODS: 1.11.2
