// !$*UTF8*$!
{
	archiveVersion = 1;
	classes = {
	};
	objectVersion = 55;
	objects = {

/* Begin PBXBuildFile section */
		8741DF7E24FCA0220A1AF047 /* Pods_Cars.framework in Frameworks */ = {isa = PBXBuildFile; fileRef = 42FDC542503ED8976C776FC0 /* Pods_Cars.framework */; };
		AC928BA1287E062E00FB0B6F /* CarListCellModel.swift in Sources */ = {isa = PBXBuildFile; fileRef = AC928BA0287E062E00FB0B6F /* CarListCellModel.swift */; };
		AC984138287C761200BFBCD1 /* AppDelegate.swift in Sources */ = {isa = PBXBuildFile; fileRef = AC984137287C761200BFBCD1 /* AppDelegate.swift */; };
		AC98413C287C761200BFBCD1 /* CarListViewController.swift in Sources */ = {isa = PBXBuildFile; fileRef = AC98413B287C761200BFBCD1 /* CarListViewController.swift */; };
		AC98413F287C761200BFBCD1 /* Main.storyboard in Resources */ = {isa = PBXBuildFile; fileRef = AC98413D287C761200BFBCD1 /* Main.storyboard */; };
		AC984141287C761400BFBCD1 /* Assets.xcassets in Resources */ = {isa = PBXBuildFile; fileRef = AC984140287C761400BFBCD1 /* Assets.xcassets */; };
		AC984144287C761400BFBCD1 /* LaunchScreen.storyboard in Resources */ = {isa = PBXBuildFile; fileRef = AC984142287C761400BFBCD1 /* LaunchScreen.storyboard */; };
		AC98414F287C761400BFBCD1 /* CarListServiceTests.swift in Sources */ = {isa = PBXBuildFile; fileRef = AC98414E287C761400BFBCD1 /* CarListServiceTests.swift */; };
		AC984169287C764F00BFBCD1 /* UIViewController+Extension.swift in Sources */ = {isa = PBXBuildFile; fileRef = AC984168287C764F00BFBCD1 /* UIViewController+Extension.swift */; };
		AC98416B287C766800BFBCD1 /* UITableView+Extensions.swift in Sources */ = {isa = PBXBuildFile; fileRef = AC98416A287C766800BFBCD1 /* UITableView+Extensions.swift */; };
		AC98416D287C768400BFBCD1 /* NSObject+Extension.swift in Sources */ = {isa = PBXBuildFile; fileRef = AC98416C287C768400BFBCD1 /* NSObject+Extension.swift */; };
		AC984170287C76CC00BFBCD1 /* NetworkManager.swift in Sources */ = {isa = PBXBuildFile; fileRef = AC98416F287C76CC00BFBCD1 /* NetworkManager.swift */; };
		AC984172287C770300BFBCD1 /* APIURL.swift in Sources */ = {isa = PBXBuildFile; fileRef = AC984171287C770300BFBCD1 /* APIURL.swift */; };
		AC984174287C771F00BFBCD1 /* AppEnvironment.swift in Sources */ = {isa = PBXBuildFile; fileRef = AC984173287C771F00BFBCD1 /* AppEnvironment.swift */; };
		AC984179287C776800BFBCD1 /* CarListTableCell.swift in Sources */ = {isa = PBXBuildFile; fileRef = AC984177287C776800BFBCD1 /* CarListTableCell.swift */; };
		AC98417A287C776800BFBCD1 /* CarListTableCell.xib in Resources */ = {isa = PBXBuildFile; fileRef = AC984178287C776800BFBCD1 /* CarListTableCell.xib */; };
		AC98417D287C77DB00BFBCD1 /* CarResponseModel.swift in Sources */ = {isa = PBXBuildFile; fileRef = AC98417C287C77DB00BFBCD1 /* CarResponseModel.swift */; };
		AC984180287C781200BFBCD1 /* CarListViewModel.swift in Sources */ = {isa = PBXBuildFile; fileRef = AC98417F287C781200BFBCD1 /* CarListViewModel.swift */; };
		AC9967E9287EBC5400E9E7EA /* AppCordinator.swift in Sources */ = {isa = PBXBuildFile; fileRef = AC9967E8287EBC5400E9E7EA /* AppCordinator.swift */; };
		AC9967EC287EBCA200E9E7EA /* CarListCoordinator.swift in Sources */ = {isa = PBXBuildFile; fileRef = AC9967EB287EBCA200E9E7EA /* CarListCoordinator.swift */; };
		AC9967EF287EBD8B00E9E7EA /* CarDetailViewController.swift in Sources */ = {isa = PBXBuildFile; fileRef = AC9967EE287EBD8B00E9E7EA /* CarDetailViewController.swift */; };
		AC9967F3287EBDAB00E9E7EA /* CarDetailViewModel.swift in Sources */ = {isa = PBXBuildFile; fileRef = AC9967F2287EBDAB00E9E7EA /* CarDetailViewModel.swift */; };
		AC9967F6287EBDD600E9E7EA /* CarDetailCoordinator.swift in Sources */ = {isa = PBXBuildFile; fileRef = AC9967F5287EBDD600E9E7EA /* CarDetailCoordinator.swift */; };
		AC9A997E28804CC9001F4C4C /* Constants.swift in Sources */ = {isa = PBXBuildFile; fileRef = AC9A997D28804CC9001F4C4C /* Constants.swift */; };
		AC9A998128805AB7001F4C4C /* CarDetailViewModelTests.swift in Sources */ = {isa = PBXBuildFile; fileRef = AC9A998028805AB7001F4C4C /* CarDetailViewModelTests.swift */; };
		AC9DA7022885E0F1001A356B /* APIURLTests.swift in Sources */ = {isa = PBXBuildFile; fileRef = AC9DA7012885E0F1001A356B /* APIURLTests.swift */; };
		AC9E1BF52885E57900172740 /* CarListService.swift in Sources */ = {isa = PBXBuildFile; fileRef = AC9E1BF42885E57900172740 /* CarListService.swift */; };
		AC9E1BF72885F01A00172740 /* CarListViewModelTests.swift in Sources */ = {isa = PBXBuildFile; fileRef = AC9E1BF62885F01A00172740 /* CarListViewModelTests.swift */; };
		AC9E1BFB2885F54900172740 /* MockData.swift in Sources */ = {isa = PBXBuildFile; fileRef = AC9E1BFA2885F54900172740 /* MockData.swift */; };
		AC9E1BFE2885F8CD00172740 /* CarData.json in Resources */ = {isa = PBXBuildFile; fileRef = AC9E1BFD2885F8CD00172740 /* CarData.json */; };
		AC9E1C002885F93C00172740 /* CarListServiceMockData.swift in Sources */ = {isa = PBXBuildFile; fileRef = AC9E1BFF2885F93C00172740 /* CarListServiceMockData.swift */; };
		ACA048902886E7210050D150 /* CarListCellTests.swift in Sources */ = {isa = PBXBuildFile; fileRef = ACA0488F2886E7210050D150 /* CarListCellTests.swift */; };
		ACB8774A288006DC00C90FCB /* UIDevice+JailBroken.swift in Sources */ = {isa = PBXBuildFile; fileRef = ACB87749288006DC00C90FCB /* UIDevice+JailBroken.swift */; };
		ACB8774C28801BB800C90FCB /* BaseViewController.swift in Sources */ = {isa = PBXBuildFile; fileRef = ACB8774B28801BB800C90FCB /* BaseViewController.swift */; };
		ACDAF4312885DC42004A957B /* APIErrors.swift in Sources */ = {isa = PBXBuildFile; fileRef = ACDAF4302885DC42004A957B /* APIErrors.swift */; };
		ACED9906287D620B002B3CD2 /* Reachability.swift in Sources */ = {isa = PBXBuildFile; fileRef = ACED9905287D620B002B3CD2 /* Reachability.swift */; };
		D6B83A21AF4DEA79083F130B /* Pods_CarsTests.framework in Frameworks */ = {isa = PBXBuildFile; fileRef = 2D8737D5F3629B8805E52C4C /* Pods_CarsTests.framework */; };
/* End PBXBuildFile section */

/* Begin PBXContainerItemProxy section */
		AC98414B287C761400BFBCD1 /* PBXContainerItemProxy */ = {
			isa = PBXContainerItemProxy;
			containerPortal = AC98412C287C761200BFBCD1 /* Project object */;
			proxyType = 1;
			remoteGlobalIDString = AC984133287C761200BFBCD1;
			remoteInfo = Cars;
		};
/* End PBXContainerItemProxy section */

/* Begin PBXFileReference section */
		03848B73574D9D0A112DD224 /* Pods-Cars-CarsUITests.release.xcconfig */ = {isa = PBXFileReference; includeInIndex = 1; lastKnownFileType = text.xcconfig; name = "Pods-Cars-CarsUITests.release.xcconfig"; path = "Target Support Files/Pods-Cars-CarsUITests/Pods-Cars-CarsUITests.release.xcconfig"; sourceTree = "<group>"; };
		08085E02CEE12F59B35E1AF3 /* Pods-CarsTests.debug.xcconfig */ = {isa = PBXFileReference; includeInIndex = 1; lastKnownFileType = text.xcconfig; name = "Pods-CarsTests.debug.xcconfig"; path = "Target Support Files/Pods-CarsTests/Pods-CarsTests.debug.xcconfig"; sourceTree = "<group>"; };
		2D8737D5F3629B8805E52C4C /* Pods_CarsTests.framework */ = {isa = PBXFileReference; explicitFileType = wrapper.framework; includeInIndex = 0; path = Pods_CarsTests.framework; sourceTree = BUILT_PRODUCTS_DIR; };
		42FDC542503ED8976C776FC0 /* Pods_Cars.framework */ = {isa = PBXFileReference; explicitFileType = wrapper.framework; includeInIndex = 0; path = Pods_Cars.framework; sourceTree = BUILT_PRODUCTS_DIR; };
		7E2446CD247AD138BA23E02F /* Pods-CarsTests.release.xcconfig */ = {isa = PBXFileReference; includeInIndex = 1; lastKnownFileType = text.xcconfig; name = "Pods-CarsTests.release.xcconfig"; path = "Target Support Files/Pods-CarsTests/Pods-CarsTests.release.xcconfig"; sourceTree = "<group>"; };
		8C8E162B65513E454582FC75 /* Pods-Cars.release.xcconfig */ = {isa = PBXFileReference; includeInIndex = 1; lastKnownFileType = text.xcconfig; name = "Pods-Cars.release.xcconfig"; path = "Target Support Files/Pods-Cars/Pods-Cars.release.xcconfig"; sourceTree = "<group>"; };
		AC928BA0287E062E00FB0B6F /* CarListCellModel.swift */ = {isa = PBXFileReference; lastKnownFileType = sourcecode.swift; path = CarListCellModel.swift; sourceTree = "<group>"; };
		AC984134287C761200BFBCD1 /* Cars.app */ = {isa = PBXFileReference; explicitFileType = wrapper.application; includeInIndex = 0; path = Cars.app; sourceTree = BUILT_PRODUCTS_DIR; };
		AC984137287C761200BFBCD1 /* AppDelegate.swift */ = {isa = PBXFileReference; lastKnownFileType = sourcecode.swift; path = AppDelegate.swift; sourceTree = "<group>"; };
		AC98413B287C761200BFBCD1 /* CarListViewController.swift */ = {isa = PBXFileReference; lastKnownFileType = sourcecode.swift; path = CarListViewController.swift; sourceTree = "<group>"; };
		AC98413E287C761200BFBCD1 /* Base */ = {isa = PBXFileReference; lastKnownFileType = file.storyboard; name = Base; path = Base.lproj/Main.storyboard; sourceTree = "<group>"; };
		AC984140287C761400BFBCD1 /* Assets.xcassets */ = {isa = PBXFileReference; lastKnownFileType = folder.assetcatalog; path = Assets.xcassets; sourceTree = "<group>"; };
		AC984143287C761400BFBCD1 /* Base */ = {isa = PBXFileReference; lastKnownFileType = file.storyboard; name = Base; path = Base.lproj/LaunchScreen.storyboard; sourceTree = "<group>"; };
		AC984145287C761400BFBCD1 /* Info.plist */ = {isa = PBXFileReference; lastKnownFileType = text.plist.xml; path = Info.plist; sourceTree = "<group>"; };
		AC98414A287C761400BFBCD1 /* CarsTests.xctest */ = {isa = PBXFileReference; explicitFileType = wrapper.cfbundle; includeInIndex = 0; path = CarsTests.xctest; sourceTree = BUILT_PRODUCTS_DIR; };
		AC98414E287C761400BFBCD1 /* CarListServiceTests.swift */ = {isa = PBXFileReference; lastKnownFileType = sourcecode.swift; path = CarListServiceTests.swift; sourceTree = "<group>"; };
		AC984168287C764F00BFBCD1 /* UIViewController+Extension.swift */ = {isa = PBXFileReference; lastKnownFileType = sourcecode.swift; path = "UIViewController+Extension.swift"; sourceTree = "<group>"; };
		AC98416A287C766800BFBCD1 /* UITableView+Extensions.swift */ = {isa = PBXFileReference; lastKnownFileType = sourcecode.swift; path = "UITableView+Extensions.swift"; sourceTree = "<group>"; };
		AC98416C287C768400BFBCD1 /* NSObject+Extension.swift */ = {isa = PBXFileReference; lastKnownFileType = sourcecode.swift; path = "NSObject+Extension.swift"; sourceTree = "<group>"; };
		AC98416F287C76CC00BFBCD1 /* NetworkManager.swift */ = {isa = PBXFileReference; lastKnownFileType = sourcecode.swift; path = NetworkManager.swift; sourceTree = "<group>"; };
		AC984171287C770300BFBCD1 /* APIURL.swift */ = {isa = PBXFileReference; lastKnownFileType = sourcecode.swift; path = APIURL.swift; sourceTree = "<group>"; };
		AC984173287C771F00BFBCD1 /* AppEnvironment.swift */ = {isa = PBXFileReference; lastKnownFileType = sourcecode.swift; path = AppEnvironment.swift; sourceTree = "<group>"; };
		AC984177287C776800BFBCD1 /* CarListTableCell.swift */ = {isa = PBXFileReference; lastKnownFileType = sourcecode.swift; path = CarListTableCell.swift; sourceTree = "<group>"; };
		AC984178287C776800BFBCD1 /* CarListTableCell.xib */ = {isa = PBXFileReference; lastKnownFileType = file.xib; path = CarListTableCell.xib; sourceTree = "<group>"; };
		AC98417C287C77DB00BFBCD1 /* CarResponseModel.swift */ = {isa = PBXFileReference; lastKnownFileType = sourcecode.swift; path = CarResponseModel.swift; sourceTree = "<group>"; };
		AC98417F287C781200BFBCD1 /* CarListViewModel.swift */ = {isa = PBXFileReference; lastKnownFileType = sourcecode.swift; path = CarListViewModel.swift; sourceTree = "<group>"; };
		AC9967E8287EBC5400E9E7EA /* AppCordinator.swift */ = {isa = PBXFileReference; lastKnownFileType = sourcecode.swift; path = AppCordinator.swift; sourceTree = "<group>"; };
		AC9967EB287EBCA200E9E7EA /* CarListCoordinator.swift */ = {isa = PBXFileReference; lastKnownFileType = sourcecode.swift; path = CarListCoordinator.swift; sourceTree = "<group>"; };
		AC9967EE287EBD8B00E9E7EA /* CarDetailViewController.swift */ = {isa = PBXFileReference; lastKnownFileType = sourcecode.swift; path = CarDetailViewController.swift; sourceTree = "<group>"; };
		AC9967F2287EBDAB00E9E7EA /* CarDetailViewModel.swift */ = {isa = PBXFileReference; lastKnownFileType = sourcecode.swift; path = CarDetailViewModel.swift; sourceTree = "<group>"; };
		AC9967F5287EBDD600E9E7EA /* CarDetailCoordinator.swift */ = {isa = PBXFileReference; lastKnownFileType = sourcecode.swift; path = CarDetailCoordinator.swift; sourceTree = "<group>"; };
		AC9A997D28804CC9001F4C4C /* Constants.swift */ = {isa = PBXFileReference; lastKnownFileType = sourcecode.swift; path = Constants.swift; sourceTree = "<group>"; };
		AC9A998028805AB7001F4C4C /* CarDetailViewModelTests.swift */ = {isa = PBXFileReference; lastKnownFileType = sourcecode.swift; path = CarDetailViewModelTests.swift; sourceTree = "<group>"; };
		AC9DA7012885E0F1001A356B /* APIURLTests.swift */ = {isa = PBXFileReference; lastKnownFileType = sourcecode.swift; path = APIURLTests.swift; sourceTree = "<group>"; };
		AC9E1BF42885E57900172740 /* CarListService.swift */ = {isa = PBXFileReference; lastKnownFileType = sourcecode.swift; path = CarListService.swift; sourceTree = "<group>"; };
		AC9E1BF62885F01A00172740 /* CarListViewModelTests.swift */ = {isa = PBXFileReference; lastKnownFileType = sourcecode.swift; path = CarListViewModelTests.swift; sourceTree = "<group>"; };
		AC9E1BFA2885F54900172740 /* MockData.swift */ = {isa = PBXFileReference; lastKnownFileType = sourcecode.swift; path = MockData.swift; sourceTree = "<group>"; };
		AC9E1BFD2885F8CD00172740 /* CarData.json */ = {isa = PBXFileReference; fileEncoding = 4; lastKnownFileType = text.json; path = CarData.json; sourceTree = "<group>"; };
		AC9E1BFF2885F93C00172740 /* CarListServiceMockData.swift */ = {isa = PBXFileReference; lastKnownFileType = sourcecode.swift; path = CarListServiceMockData.swift; sourceTree = "<group>"; };
		ACA0488F2886E7210050D150 /* CarListCellTests.swift */ = {isa = PBXFileReference; lastKnownFileType = sourcecode.swift; path = CarListCellTests.swift; sourceTree = "<group>"; };
		ACB87749288006DC00C90FCB /* UIDevice+JailBroken.swift */ = {isa = PBXFileReference; lastKnownFileType = sourcecode.swift; path = "UIDevice+JailBroken.swift"; sourceTree = "<group>"; };
		ACB8774B28801BB800C90FCB /* BaseViewController.swift */ = {isa = PBXFileReference; lastKnownFileType = sourcecode.swift; path = BaseViewController.swift; sourceTree = "<group>"; };
		ACDAF4302885DC42004A957B /* APIErrors.swift */ = {isa = PBXFileReference; fileEncoding = 4; lastKnownFileType = sourcecode.swift; path = APIErrors.swift; sourceTree = "<group>"; };
		ACED9905287D620B002B3CD2 /* Reachability.swift */ = {isa = PBXFileReference; lastKnownFileType = sourcecode.swift; path = Reachability.swift; sourceTree = "<group>"; };
		CC3639454CB723AEC8F2E03D /* Pods-Cars.debug.xcconfig */ = {isa = PBXFileReference; includeInIndex = 1; lastKnownFileType = text.xcconfig; name = "Pods-Cars.debug.xcconfig"; path = "Target Support Files/Pods-Cars/Pods-Cars.debug.xcconfig"; sourceTree = "<group>"; };
		CE0CEE3CCDEACB501C33C5D2 /* Pods_Cars_CarsUITests.framework */ = {isa = PBXFileReference; explicitFileType = wrapper.framework; includeInIndex = 0; path = Pods_Cars_CarsUITests.framework; sourceTree = BUILT_PRODUCTS_DIR; };
		F996303B615CF560F1AB7F4C /* Pods-Cars-CarsUITests.debug.xcconfig */ = {isa = PBXFileReference; includeInIndex = 1; lastKnownFileType = text.xcconfig; name = "Pods-Cars-CarsUITests.debug.xcconfig"; path = "Target Support Files/Pods-Cars-CarsUITests/Pods-Cars-CarsUITests.debug.xcconfig"; sourceTree = "<group>"; };
/* End PBXFileReference section */

/* Begin PBXFrameworksBuildPhase section */
		AC984131287C761200BFBCD1 /* Frameworks */ = {
			isa = PBXFrameworksBuildPhase;
			buildActionMask = 2147483647;
			files = (
				8741DF7E24FCA0220A1AF047 /* Pods_Cars.framework in Frameworks */,
			);
			runOnlyForDeploymentPostprocessing = 0;
		};
		AC984147287C761400BFBCD1 /* Frameworks */ = {
			isa = PBXFrameworksBuildPhase;
			buildActionMask = 2147483647;
			files = (
				D6B83A21AF4DEA79083F130B /* Pods_CarsTests.framework in Frameworks */,
			);
			runOnlyForDeploymentPostprocessing = 0;
		};
/* End PBXFrameworksBuildPhase section */

/* Begin PBXGroup section */
		0A1398021FF005BD688FFD36 /* Pods */ = {
			isa = PBXGroup;
			children = (
				CC3639454CB723AEC8F2E03D /* Pods-Cars.debug.xcconfig */,
				8C8E162B65513E454582FC75 /* Pods-Cars.release.xcconfig */,
				F996303B615CF560F1AB7F4C /* Pods-Cars-CarsUITests.debug.xcconfig */,
				03848B73574D9D0A112DD224 /* Pods-Cars-CarsUITests.release.xcconfig */,
				08085E02CEE12F59B35E1AF3 /* Pods-CarsTests.debug.xcconfig */,
				7E2446CD247AD138BA23E02F /* Pods-CarsTests.release.xcconfig */,
			);
			path = Pods;
			sourceTree = "<group>";
		};
		8833562CEE402207194643B6 /* Frameworks */ = {
			isa = PBXGroup;
			children = (
				42FDC542503ED8976C776FC0 /* Pods_Cars.framework */,
				CE0CEE3CCDEACB501C33C5D2 /* Pods_Cars_CarsUITests.framework */,
				2D8737D5F3629B8805E52C4C /* Pods_CarsTests.framework */,
			);
			name = Frameworks;
			sourceTree = "<group>";
		};
		AC98121A287D7B22006CD7C2 /* CarListCell */ = {
			isa = PBXGroup;
			children = (
				AC984178287C776800BFBCD1 /* CarListTableCell.xib */,
				AC984177287C776800BFBCD1 /* CarListTableCell.swift */,
				AC928BA0287E062E00FB0B6F /* CarListCellModel.swift */,
			);
			path = CarListCell;
			sourceTree = "<group>";
		};
		AC98121B287D7B42006CD7C2 /* CarListView */ = {
			isa = PBXGroup;
			children = (
				AC98413B287C761200BFBCD1 /* CarListViewController.swift */,
			);
			path = CarListView;
			sourceTree = "<group>";
		};
		AC98412B287C761200BFBCD1 = {
			isa = PBXGroup;
			children = (
				AC984136287C761200BFBCD1 /* Cars */,
				AC98414D287C761400BFBCD1 /* CarsTests */,
				AC984135287C761200BFBCD1 /* Products */,
				0A1398021FF005BD688FFD36 /* Pods */,
				8833562CEE402207194643B6 /* Frameworks */,
			);
			sourceTree = "<group>";
		};
		AC984135287C761200BFBCD1 /* Products */ = {
			isa = PBXGroup;
			children = (
				AC984134287C761200BFBCD1 /* Cars.app */,
				AC98414A287C761400BFBCD1 /* CarsTests.xctest */,
			);
			name = Products;
			sourceTree = "<group>";
		};
		AC984136287C761200BFBCD1 /* Cars */ = {
			isa = PBXGroup;
			children = (
				AC984137287C761200BFBCD1 /* AppDelegate.swift */,
				AC9B74DB28801DFA0009A236 /* BaseViewController */,
				AC9967E7287EBC3A00E9E7EA /* Coordinator */,
				AC984175287C773600BFBCD1 /* CarModule */,
				AC98416E287C769700BFBCD1 /* Network */,
				AC984167287C763000BFBCD1 /* Utils */,
				AC9E1BF92885F53100172740 /* MockData */,
				AC9E1BFC2885F62000172740 /* Resources */,
				AC98413D287C761200BFBCD1 /* Main.storyboard */,
				AC984140287C761400BFBCD1 /* Assets.xcassets */,
				AC984142287C761400BFBCD1 /* LaunchScreen.storyboard */,
				AC984145287C761400BFBCD1 /* Info.plist */,
			);
			path = Cars;
			sourceTree = "<group>";
		};
		AC98414D287C761400BFBCD1 /* CarsTests */ = {
			isa = PBXGroup;
			children = (
				AC9DA7012885E0F1001A356B /* APIURLTests.swift */,
				AC98414E287C761400BFBCD1 /* CarListServiceTests.swift */,
				AC9A998028805AB7001F4C4C /* CarDetailViewModelTests.swift */,
				AC9E1BF62885F01A00172740 /* CarListViewModelTests.swift */,
				ACA0488F2886E7210050D150 /* CarListCellTests.swift */,
			);
			path = CarsTests;
			sourceTree = "<group>";
		};
		AC984167287C763000BFBCD1 /* Utils */ = {
			isa = PBXGroup;
			children = (
				AC984168287C764F00BFBCD1 /* UIViewController+Extension.swift */,
				AC98416A287C766800BFBCD1 /* UITableView+Extensions.swift */,
				AC98416C287C768400BFBCD1 /* NSObject+Extension.swift */,
				ACB87749288006DC00C90FCB /* UIDevice+JailBroken.swift */,
				AC9A997D28804CC9001F4C4C /* Constants.swift */,
			);
			path = Utils;
			sourceTree = "<group>";
		};
		AC98416E287C769700BFBCD1 /* Network */ = {
			isa = PBXGroup;
			children = (
				AC98416F287C76CC00BFBCD1 /* NetworkManager.swift */,
				AC984171287C770300BFBCD1 /* APIURL.swift */,
				AC984173287C771F00BFBCD1 /* AppEnvironment.swift */,
				ACED9905287D620B002B3CD2 /* Reachability.swift */,
				ACDAF4302885DC42004A957B /* APIErrors.swift */,
			);
			path = Network;
			sourceTree = "<group>";
		};
		AC984175287C773600BFBCD1 /* CarModule */ = {
			isa = PBXGroup;
			children = (
				AC9A997F28804EF4001F4C4C /* CarListView */,
				AC9967ED287EBD5D00E9E7EA /* CarDetailView */,
			);
			path = CarModule;
			sourceTree = "<group>";
		};
		AC984176287C774100BFBCD1 /* View */ = {
			isa = PBXGroup;
			children = (
				AC98121B287D7B42006CD7C2 /* CarListView */,
				AC98121A287D7B22006CD7C2 /* CarListCell */,
			);
			path = View;
			sourceTree = "<group>";
		};
		AC98417B287C77BA00BFBCD1 /* Model */ = {
			isa = PBXGroup;
			children = (
				AC98417C287C77DB00BFBCD1 /* CarResponseModel.swift */,
				AC9E1BF42885E57900172740 /* CarListService.swift */,
			);
			path = Model;
			sourceTree = "<group>";
		};
		AC98417E287C77FE00BFBCD1 /* ViewModel */ = {
			isa = PBXGroup;
			children = (
				AC98417F287C781200BFBCD1 /* CarListViewModel.swift */,
			);
			path = ViewModel;
			sourceTree = "<group>";
		};
		AC9967E7287EBC3A00E9E7EA /* Coordinator */ = {
			isa = PBXGroup;
			children = (
				AC9967E8287EBC5400E9E7EA /* AppCordinator.swift */,
			);
			path = Coordinator;
			sourceTree = "<group>";
		};
		AC9967EA287EBC7E00E9E7EA /* CarListCoordinator */ = {
			isa = PBXGroup;
			children = (
				AC9967EB287EBCA200E9E7EA /* CarListCoordinator.swift */,
			);
			path = CarListCoordinator;
			sourceTree = "<group>";
		};
		AC9967ED287EBD5D00E9E7EA /* CarDetailView */ = {
			isa = PBXGroup;
			children = (
				AC9967F4287EBDBE00E9E7EA /* CarDetailCoordinator */,
				AC9967F1287EBD9A00E9E7EA /* ViewModel */,
				AC9967F0287EBD9300E9E7EA /* View */,
			);
			path = CarDetailView;
			sourceTree = "<group>";
		};
		AC9967F0287EBD9300E9E7EA /* View */ = {
			isa = PBXGroup;
			children = (
				AC9967EE287EBD8B00E9E7EA /* CarDetailViewController.swift */,
			);
			path = View;
			sourceTree = "<group>";
		};
		AC9967F1287EBD9A00E9E7EA /* ViewModel */ = {
			isa = PBXGroup;
			children = (
				AC9967F2287EBDAB00E9E7EA /* CarDetailViewModel.swift */,
			);
			path = ViewModel;
			sourceTree = "<group>";
		};
		AC9967F4287EBDBE00E9E7EA /* CarDetailCoordinator */ = {
			isa = PBXGroup;
			children = (
				AC9967F5287EBDD600E9E7EA /* CarDetailCoordinator.swift */,
			);
			path = CarDetailCoordinator;
			sourceTree = "<group>";
		};
		AC9A997F28804EF4001F4C4C /* CarListView */ = {
			isa = PBXGroup;
			children = (
				AC9967EA287EBC7E00E9E7EA /* CarListCoordinator */,
				AC98417E287C77FE00BFBCD1 /* ViewModel */,
				AC98417B287C77BA00BFBCD1 /* Model */,
				AC984176287C774100BFBCD1 /* View */,
			);
			path = CarListView;
			sourceTree = "<group>";
		};
		AC9B74DB28801DFA0009A236 /* BaseViewController */ = {
			isa = PBXGroup;
			children = (
				ACB8774B28801BB800C90FCB /* BaseViewController.swift */,
			);
			path = BaseViewController;
			sourceTree = "<group>";
		};
		AC9E1BF92885F53100172740 /* MockData */ = {
			isa = PBXGroup;
			children = (
				AC9E1BFA2885F54900172740 /* MockData.swift */,
				AC9E1BFF2885F93C00172740 /* CarListServiceMockData.swift */,
			);
			path = MockData;
			sourceTree = "<group>";
		};
		AC9E1BFC2885F62000172740 /* Resources */ = {
			isa = PBXGroup;
			children = (
				AC9E1BFD2885F8CD00172740 /* CarData.json */,
			);
			path = Resources;
			sourceTree = "<group>";
		};
/* End PBXGroup section */

/* Begin PBXNativeTarget section */
		AC984133287C761200BFBCD1 /* Cars */ = {
			isa = PBXNativeTarget;
			buildConfigurationList = AC98415E287C761500BFBCD1 /* Build configuration list for PBXNativeTarget "Cars" */;
			buildPhases = (
				33B2B0EDB1CE706B3D47E4CC /* [CP] Check Pods Manifest.lock */,
				AC984130287C761200BFBCD1 /* Sources */,
				AC984131287C761200BFBCD1 /* Frameworks */,
				AC984132287C761200BFBCD1 /* Resources */,
				AC981228287D916A006CD7C2 /* ShellScript */,
				8CD9911A291F302FF8D9BB13 /* [CP] Embed Pods Frameworks */,
			);
			buildRules = (
			);
			dependencies = (
			);
			name = Cars;
			packageProductDependencies = (
			);
			productName = Cars;
			productReference = AC984134287C761200BFBCD1 /* Cars.app */;
			productType = "com.apple.product-type.application";
		};
		AC984149287C761400BFBCD1 /* CarsTests */ = {
			isa = PBXNativeTarget;
			buildConfigurationList = AC984161287C761500BFBCD1 /* Build configuration list for PBXNativeTarget "CarsTests" */;
			buildPhases = (
				F39FF2083885BADABC54655B /* [CP] Check Pods Manifest.lock */,
				AC984146287C761400BFBCD1 /* Sources */,
				AC984147287C761400BFBCD1 /* Frameworks */,
				AC984148287C761400BFBCD1 /* Resources */,
			);
			buildRules = (
			);
			dependencies = (
				AC98414C287C761400BFBCD1 /* PBXTargetDependency */,
			);
			name = CarsTests;
			productName = CarsTests;
			productReference = AC98414A287C761400BFBCD1 /* CarsTests.xctest */;
			productType = "com.apple.product-type.bundle.unit-test";
		};
/* End PBXNativeTarget section */

/* Begin PBXProject section */
		AC98412C287C761200BFBCD1 /* Project object */ = {
			isa = PBXProject;
			attributes = {
				BuildIndependentTargetsInParallel = 1;
				LastSwiftUpdateCheck = 1340;
				LastUpgradeCheck = 1340;
				TargetAttributes = {
					AC984133287C761200BFBCD1 = {
						CreatedOnToolsVersion = 13.4.1;
					};
					AC984149287C761400BFBCD1 = {
						CreatedOnToolsVersion = 13.4.1;
						TestTargetID = AC984133287C761200BFBCD1;
					};
				};
			};
			buildConfigurationList = AC98412F287C761200BFBCD1 /* Build configuration list for PBXProject "Cars" */;
			compatibilityVersion = "Xcode 13.0";
			developmentRegion = en;
			hasScannedForEncodings = 0;
			knownRegions = (
				en,
				Base,
			);
			mainGroup = AC98412B287C761200BFBCD1;
			packageReferences = (
			);
			productRefGroup = AC984135287C761200BFBCD1 /* Products */;
			projectDirPath = "";
			projectRoot = "";
			targets = (
				AC984133287C761200BFBCD1 /* Cars */,
				AC984149287C761400BFBCD1 /* CarsTests */,
			);
		};
/* End PBXProject section */

/* Begin PBXResourcesBuildPhase section */
		AC984132287C761200BFBCD1 /* Resources */ = {
			isa = PBXResourcesBuildPhase;
			buildActionMask = 2147483647;
			files = (
				AC9E1BFE2885F8CD00172740 /* CarData.json in Resources */,
				AC984144287C761400BFBCD1 /* LaunchScreen.storyboard in Resources */,
				AC984141287C761400BFBCD1 /* Assets.xcassets in Resources */,
				AC98413F287C761200BFBCD1 /* Main.storyboard in Resources */,
				AC98417A287C776800BFBCD1 /* CarListTableCell.xib in Resources */,
			);
			runOnlyForDeploymentPostprocessing = 0;
		};
		AC984148287C761400BFBCD1 /* Resources */ = {
			isa = PBXResourcesBuildPhase;
			buildActionMask = 2147483647;
			files = (
			);
			runOnlyForDeploymentPostprocessing = 0;
		};
/* End PBXResourcesBuildPhase section */

/* Begin PBXShellScriptBuildPhase section */
		33B2B0EDB1CE706B3D47E4CC /* [CP] Check Pods Manifest.lock */ = {
			isa = PBXShellScriptBuildPhase;
			buildActionMask = 2147483647;
			files = (
			);
			inputFileListPaths = (
			);
			inputPaths = (
				"${PODS_PODFILE_DIR_PATH}/Podfile.lock",
				"${PODS_ROOT}/Manifest.lock",
			);
			name = "[CP] Check Pods Manifest.lock";
			outputFileListPaths = (
			);
			outputPaths = (
				"$(DERIVED_FILE_DIR)/Pods-Cars-checkManifestLockResult.txt",
			);
			runOnlyForDeploymentPostprocessing = 0;
			shellPath = /bin/sh;
			shellScript = "diff \"${PODS_PODFILE_DIR_PATH}/Podfile.lock\" \"${PODS_ROOT}/Manifest.lock\" > /dev/null\nif [ $? != 0 ] ; then\n    # print error to STDERR\n    echo \"error: The sandbox is not in sync with the Podfile.lock. Run 'pod install' or update your CocoaPods installation.\" >&2\n    exit 1\nfi\n# This output is used by Xcode 'outputs' to avoid re-running this script phase.\necho \"SUCCESS\" > \"${SCRIPT_OUTPUT_FILE_0}\"\n";
			showEnvVarsInLog = 0;
		};
		8CD9911A291F302FF8D9BB13 /* [CP] Embed Pods Frameworks */ = {
			isa = PBXShellScriptBuildPhase;
			buildActionMask = 2147483647;
			files = (
			);
			inputFileListPaths = (
				"${PODS_ROOT}/Target Support Files/Pods-Cars/Pods-Cars-frameworks-${CONFIGURATION}-input-files.xcfilelist",
			);
			name = "[CP] Embed Pods Frameworks";
			outputFileListPaths = (
				"${PODS_ROOT}/Target Support Files/Pods-Cars/Pods-Cars-frameworks-${CONFIGURATION}-output-files.xcfilelist",
			);
			runOnlyForDeploymentPostprocessing = 0;
			shellPath = /bin/sh;
			shellScript = "\"${PODS_ROOT}/Target Support Files/Pods-Cars/Pods-Cars-frameworks.sh\"\n";
			showEnvVarsInLog = 0;
		};
		AC981228287D916A006CD7C2 /* ShellScript */ = {
			isa = PBXShellScriptBuildPhase;
			buildActionMask = 2147483647;
			files = (
			);
			inputFileListPaths = (
			);
			inputPaths = (
			);
			outputFileListPaths = (
			);
			outputPaths = (
			);
			runOnlyForDeploymentPostprocessing = 0;
			shellPath = /bin/sh;
			shellScript = "\"${PODS_ROOT}/SwiftLint/swiftlint\"\n";
		};
		F39FF2083885BADABC54655B /* [CP] Check Pods Manifest.lock */ = {
			isa = PBXShellScriptBuildPhase;
			buildActionMask = 2147483647;
			files = (
			);
			inputFileListPaths = (
			);
			inputPaths = (
				"${PODS_PODFILE_DIR_PATH}/Podfile.lock",
				"${PODS_ROOT}/Manifest.lock",
			);
			name = "[CP] Check Pods Manifest.lock";
			outputFileListPaths = (
			);
			outputPaths = (
				"$(DERIVED_FILE_DIR)/Pods-CarsTests-checkManifestLockResult.txt",
			);
			runOnlyForDeploymentPostprocessing = 0;
			shellPath = /bin/sh;
			shellScript = "diff \"${PODS_PODFILE_DIR_PATH}/Podfile.lock\" \"${PODS_ROOT}/Manifest.lock\" > /dev/null\nif [ $? != 0 ] ; then\n    # print error to STDERR\n    echo \"error: The sandbox is not in sync with the Podfile.lock. Run 'pod install' or update your CocoaPods installation.\" >&2\n    exit 1\nfi\n# This output is used by Xcode 'outputs' to avoid re-running this script phase.\necho \"SUCCESS\" > \"${SCRIPT_OUTPUT_FILE_0}\"\n";
			showEnvVarsInLog = 0;
		};
/* End PBXShellScriptBuildPhase section */

/* Begin PBXSourcesBuildPhase section */
		AC984130287C761200BFBCD1 /* Sources */ = {
			isa = PBXSourcesBuildPhase;
			buildActionMask = 2147483647;
			files = (
				AC9967E9287EBC5400E9E7EA /* AppCordinator.swift in Sources */,
				AC98416B287C766800BFBCD1 /* UITableView+Extensions.swift in Sources */,
				AC984169287C764F00BFBCD1 /* UIViewController+Extension.swift in Sources */,
				ACDAF4312885DC42004A957B /* APIErrors.swift in Sources */,
				AC98413C287C761200BFBCD1 /* CarListViewController.swift in Sources */,
				AC984170287C76CC00BFBCD1 /* NetworkManager.swift in Sources */,
				ACB8774C28801BB800C90FCB /* BaseViewController.swift in Sources */,
				AC928BA1287E062E00FB0B6F /* CarListCellModel.swift in Sources */,
				ACB8774A288006DC00C90FCB /* UIDevice+JailBroken.swift in Sources */,
				AC984172287C770300BFBCD1 /* APIURL.swift in Sources */,
				AC984179287C776800BFBCD1 /* CarListTableCell.swift in Sources */,
				AC9967F3287EBDAB00E9E7EA /* CarDetailViewModel.swift in Sources */,
				AC9A997E28804CC9001F4C4C /* Constants.swift in Sources */,
				AC9E1BFB2885F54900172740 /* MockData.swift in Sources */,
				AC9E1BF52885E57900172740 /* CarListService.swift in Sources */,
				AC9967F6287EBDD600E9E7EA /* CarDetailCoordinator.swift in Sources */,
				AC984138287C761200BFBCD1 /* AppDelegate.swift in Sources */,
				AC9967EC287EBCA200E9E7EA /* CarListCoordinator.swift in Sources */,
				AC984180287C781200BFBCD1 /* CarListViewModel.swift in Sources */,
				AC9967EF287EBD8B00E9E7EA /* CarDetailViewController.swift in Sources */,
				AC98417D287C77DB00BFBCD1 /* CarResponseModel.swift in Sources */,
				AC98416D287C768400BFBCD1 /* NSObject+Extension.swift in Sources */,
				AC984174287C771F00BFBCD1 /* AppEnvironment.swift in Sources */,
				AC9E1C002885F93C00172740 /* CarListServiceMockData.swift in Sources */,
				ACED9906287D620B002B3CD2 /* Reachability.swift in Sources */,
			);
			runOnlyForDeploymentPostprocessing = 0;
		};
		AC984146287C761400BFBCD1 /* Sources */ = {
			isa = PBXSourcesBuildPhase;
			buildActionMask = 2147483647;
			files = (
				ACA048902886E7210050D150 /* CarListCellTests.swift in Sources */,
				AC9A998128805AB7001F4C4C /* CarDetailViewModelTests.swift in Sources */,
				AC9DA7022885E0F1001A356B /* APIURLTests.swift in Sources */,
				AC98414F287C761400BFBCD1 /* CarListServiceTests.swift in Sources */,
				AC9E1BF72885F01A00172740 /* CarListViewModelTests.swift in Sources */,
			);
			runOnlyForDeploymentPostprocessing = 0;
		};
/* End PBXSourcesBuildPhase section */

/* Begin PBXTargetDependency section */
		AC98414C287C761400BFBCD1 /* PBXTargetDependency */ = {
			isa = PBXTargetDependency;
			target = AC984133287C761200BFBCD1 /* Cars */;
			targetProxy = AC98414B287C761400BFBCD1 /* PBXContainerItemProxy */;
		};
/* End PBXTargetDependency section */

/* Begin PBXVariantGroup section */
		AC98413D287C761200BFBCD1 /* Main.storyboard */ = {
			isa = PBXVariantGroup;
			children = (
				AC98413E287C761200BFBCD1 /* Base */,
			);
			name = Main.storyboard;
			sourceTree = "<group>";
		};
		AC984142287C761400BFBCD1 /* LaunchScreen.storyboard */ = {
			isa = PBXVariantGroup;
			children = (
				AC984143287C761400BFBCD1 /* Base */,
			);
			name = LaunchScreen.storyboard;
			sourceTree = "<group>";
		};
/* End PBXVariantGroup section */

/* Begin XCBuildConfiguration section */
		AC98415C287C761500BFBCD1 /* Debug */ = {
			isa = XCBuildConfiguration;
			buildSettings = {
				ALWAYS_SEARCH_USER_PATHS = NO;
				CLANG_ANALYZER_NONNULL = YES;
				CLANG_ANALYZER_NUMBER_OBJECT_CONVERSION = YES_AGGRESSIVE;
				CLANG_CXX_LANGUAGE_STANDARD = "gnu++17";
				CLANG_ENABLE_MODULES = YES;
				CLANG_ENABLE_OBJC_ARC = YES;
				CLANG_ENABLE_OBJC_WEAK = YES;
				CLANG_WARN_BLOCK_CAPTURE_AUTORELEASING = YES;
				CLANG_WARN_BOOL_CONVERSION = YES;
				CLANG_WARN_COMMA = YES;
				CLANG_WARN_CONSTANT_CONVERSION = YES;
				CLANG_WARN_DEPRECATED_OBJC_IMPLEMENTATIONS = YES;
				CLANG_WARN_DIRECT_OBJC_ISA_USAGE = YES_ERROR;
				CLANG_WARN_DOCUMENTATION_COMMENTS = YES;
				CLANG_WARN_EMPTY_BODY = YES;
				CLANG_WARN_ENUM_CONVERSION = YES;
				CLANG_WARN_INFINITE_RECURSION = YES;
				CLANG_WARN_INT_CONVERSION = YES;
				CLANG_WARN_NON_LITERAL_NULL_CONVERSION = YES;
				CLANG_WARN_OBJC_IMPLICIT_RETAIN_SELF = YES;
				CLANG_WARN_OBJC_LITERAL_CONVERSION = YES;
				CLANG_WARN_OBJC_ROOT_CLASS = YES_ERROR;
				CLANG_WARN_QUOTED_INCLUDE_IN_FRAMEWORK_HEADER = YES;
				CLANG_WARN_RANGE_LOOP_ANALYSIS = YES;
				CLANG_WARN_STRICT_PROTOTYPES = YES;
				CLANG_WARN_SUSPICIOUS_MOVE = YES;
				CLANG_WARN_UNGUARDED_AVAILABILITY = YES_AGGRESSIVE;
				CLANG_WARN_UNREACHABLE_CODE = YES;
				CLANG_WARN__DUPLICATE_METHOD_MATCH = YES;
				COPY_PHASE_STRIP = NO;
				DEBUG_INFORMATION_FORMAT = dwarf;
				ENABLE_STRICT_OBJC_MSGSEND = YES;
				ENABLE_TESTABILITY = YES;
				GCC_C_LANGUAGE_STANDARD = gnu11;
				GCC_DYNAMIC_NO_PIC = NO;
				GCC_NO_COMMON_BLOCKS = YES;
				GCC_OPTIMIZATION_LEVEL = 0;
				GCC_PREPROCESSOR_DEFINITIONS = (
					"DEBUG=1",
					"$(inherited)",
				);
				GCC_WARN_64_TO_32_BIT_CONVERSION = YES;
				GCC_WARN_ABOUT_RETURN_TYPE = YES_ERROR;
				GCC_WARN_UNDECLARED_SELECTOR = YES;
				GCC_WARN_UNINITIALIZED_AUTOS = YES_AGGRESSIVE;
				GCC_WARN_UNUSED_FUNCTION = YES;
				GCC_WARN_UNUSED_VARIABLE = YES;
				IPHONEOS_DEPLOYMENT_TARGET = 15.2;
				MTL_ENABLE_DEBUG_INFO = INCLUDE_SOURCE;
				MTL_FAST_MATH = YES;
				ONLY_ACTIVE_ARCH = YES;
				SDKROOT = iphoneos;
				SWIFT_ACTIVE_COMPILATION_CONDITIONS = DEBUG;
				SWIFT_OPTIMIZATION_LEVEL = "-Onone";
			};
			name = Debug;
		};
		AC98415D287C761500BFBCD1 /* Release */ = {
			isa = XCBuildConfiguration;
			buildSettings = {
				ALWAYS_SEARCH_USER_PATHS = NO;
				CLANG_ANALYZER_NONNULL = YES;
				CLANG_ANALYZER_NUMBER_OBJECT_CONVERSION = YES_AGGRESSIVE;
				CLANG_CXX_LANGUAGE_STANDARD = "gnu++17";
				CLANG_ENABLE_MODULES = YES;
				CLANG_ENABLE_OBJC_ARC = YES;
				CLANG_ENABLE_OBJC_WEAK = YES;
				CLANG_WARN_BLOCK_CAPTURE_AUTORELEASING = YES;
				CLANG_WARN_BOOL_CONVERSION = YES;
				CLANG_WARN_COMMA = YES;
				CLANG_WARN_CONSTANT_CONVERSION = YES;
				CLANG_WARN_DEPRECATED_OBJC_IMPLEMENTATIONS = YES;
				CLANG_WARN_DIRECT_OBJC_ISA_USAGE = YES_ERROR;
				CLANG_WARN_DOCUMENTATION_COMMENTS = YES;
				CLANG_WARN_EMPTY_BODY = YES;
				CLANG_WARN_ENUM_CONVERSION = YES;
				CLANG_WARN_INFINITE_RECURSION = YES;
				CLANG_WARN_INT_CONVERSION = YES;
				CLANG_WARN_NON_LITERAL_NULL_CONVERSION = YES;
				CLANG_WARN_OBJC_IMPLICIT_RETAIN_SELF = YES;
				CLANG_WARN_OBJC_LITERAL_CONVERSION = YES;
				CLANG_WARN_OBJC_ROOT_CLASS = YES_ERROR;
				CLANG_WARN_QUOTED_INCLUDE_IN_FRAMEWORK_HEADER = YES;
				CLANG_WARN_RANGE_LOOP_ANALYSIS = YES;
				CLANG_WARN_STRICT_PROTOTYPES = YES;
				CLANG_WARN_SUSPICIOUS_MOVE = YES;
				CLANG_WARN_UNGUARDED_AVAILABILITY = YES_AGGRESSIVE;
				CLANG_WARN_UNREACHABLE_CODE = YES;
				CLANG_WARN__DUPLICATE_METHOD_MATCH = YES;
				COPY_PHASE_STRIP = NO;
				DEBUG_INFORMATION_FORMAT = "dwarf-with-dsym";
				ENABLE_NS_ASSERTIONS = NO;
				ENABLE_STRICT_OBJC_MSGSEND = YES;
				GCC_C_LANGUAGE_STANDARD = gnu11;
				GCC_NO_COMMON_BLOCKS = YES;
				GCC_WARN_64_TO_32_BIT_CONVERSION = YES;
				GCC_WARN_ABOUT_RETURN_TYPE = YES_ERROR;
				GCC_WARN_UNDECLARED_SELECTOR = YES;
				GCC_WARN_UNINITIALIZED_AUTOS = YES_AGGRESSIVE;
				GCC_WARN_UNUSED_FUNCTION = YES;
				GCC_WARN_UNUSED_VARIABLE = YES;
				IPHONEOS_DEPLOYMENT_TARGET = 15.2;
				MTL_ENABLE_DEBUG_INFO = NO;
				MTL_FAST_MATH = YES;
				SDKROOT = iphoneos;
				SWIFT_COMPILATION_MODE = wholemodule;
				SWIFT_OPTIMIZATION_LEVEL = "-O";
				VALIDATE_PRODUCT = YES;
			};
			name = Release;
		};
		AC98415F287C761500BFBCD1 /* Debug */ = {
			isa = XCBuildConfiguration;
			baseConfigurationReference = CC3639454CB723AEC8F2E03D /* Pods-Cars.debug.xcconfig */;
			buildSettings = {
				ASSETCATALOG_COMPILER_APPICON_NAME = AppIcon;
				ASSETCATALOG_COMPILER_GLOBAL_ACCENT_COLOR_NAME = AccentColor;
				CODE_SIGN_STYLE = Automatic;
				CURRENT_PROJECT_VERSION = 1;
				GENERATE_INFOPLIST_FILE = YES;
				INFOPLIST_FILE = Cars/Info.plist;
				INFOPLIST_KEY_UIApplicationSupportsIndirectInputEvents = YES;
				INFOPLIST_KEY_UILaunchStoryboardName = LaunchScreen;
				INFOPLIST_KEY_UIMainStoryboardFile = Main;
				INFOPLIST_KEY_UISupportedInterfaceOrientations = UIInterfaceOrientationPortrait;
				INFOPLIST_KEY_UISupportedInterfaceOrientations_iPad = "UIInterfaceOrientationPortrait UIInterfaceOrientationPortraitUpsideDown UIInterfaceOrientationLandscapeLeft UIInterfaceOrientationLandscapeRight";
				INFOPLIST_KEY_UISupportedInterfaceOrientations_iPhone = "UIInterfaceOrientationPortrait UIInterfaceOrientationLandscapeLeft UIInterfaceOrientationLandscapeRight";
				IPHONEOS_DEPLOYMENT_TARGET = 15.2;
				LD_RUNPATH_SEARCH_PATHS = (
					"$(inherited)",
					"@executable_path/Frameworks",
				);
				MARKETING_VERSION = 1.0;
				PRODUCT_BUNDLE_IDENTIFIER = com.raviseta.Cars;
				PRODUCT_NAME = "$(TARGET_NAME)";
				SWIFT_EMIT_LOC_STRINGS = YES;
				SWIFT_VERSION = 5.0;
				TARGETED_DEVICE_FAMILY = 1;
			};
			name = Debug;
		};
		AC984160287C761500BFBCD1 /* Release */ = {
			isa = XCBuildConfiguration;
			baseConfigurationReference = 8C8E162B65513E454582FC75 /* Pods-Cars.release.xcconfig */;
			buildSettings = {
				ASSETCATALOG_COMPILER_APPICON_NAME = AppIcon;
				ASSETCATALOG_COMPILER_GLOBAL_ACCENT_COLOR_NAME = AccentColor;
				CODE_SIGN_STYLE = Automatic;
				CURRENT_PROJECT_VERSION = 1;
				GENERATE_INFOPLIST_FILE = YES;
				INFOPLIST_FILE = Cars/Info.plist;
				INFOPLIST_KEY_UIApplicationSupportsIndirectInputEvents = YES;
				INFOPLIST_KEY_UILaunchStoryboardName = LaunchScreen;
				INFOPLIST_KEY_UIMainStoryboardFile = Main;
				INFOPLIST_KEY_UISupportedInterfaceOrientations = UIInterfaceOrientationPortrait;
				INFOPLIST_KEY_UISupportedInterfaceOrientations_iPad = "UIInterfaceOrientationPortrait UIInterfaceOrientationPortraitUpsideDown UIInterfaceOrientationLandscapeLeft UIInterfaceOrientationLandscapeRight";
				INFOPLIST_KEY_UISupportedInterfaceOrientations_iPhone = "UIInterfaceOrientationPortrait UIInterfaceOrientationLandscapeLeft UIInterfaceOrientationLandscapeRight";
				IPHONEOS_DEPLOYMENT_TARGET = 15.2;
				LD_RUNPATH_SEARCH_PATHS = (
					"$(inherited)",
					"@executable_path/Frameworks",
				);
				MARKETING_VERSION = 1.0;
				PRODUCT_BUNDLE_IDENTIFIER = com.raviseta.Cars;
				PRODUCT_NAME = "$(TARGET_NAME)";
				SWIFT_EMIT_LOC_STRINGS = YES;
				SWIFT_VERSION = 5.0;
				TARGETED_DEVICE_FAMILY = 1;
			};
			name = Release;
		};
		AC984162287C761500BFBCD1 /* Debug */ = {
			isa = XCBuildConfiguration;
			baseConfigurationReference = 08085E02CEE12F59B35E1AF3 /* Pods-CarsTests.debug.xcconfig */;
			buildSettings = {
				ALWAYS_EMBED_SWIFT_STANDARD_LIBRARIES = YES;
				BUNDLE_LOADER = "$(TEST_HOST)";
				CODE_SIGN_STYLE = Automatic;
				CURRENT_PROJECT_VERSION = 1;
				GENERATE_INFOPLIST_FILE = YES;
				IPHONEOS_DEPLOYMENT_TARGET = 15.2;
				MARKETING_VERSION = 1.0;
				PRODUCT_BUNDLE_IDENTIFIER = com.raviseta.CarsTests;
				PRODUCT_NAME = "$(TARGET_NAME)";
				SWIFT_EMIT_LOC_STRINGS = NO;
				SWIFT_VERSION = 5.0;
				TARGETED_DEVICE_FAMILY = "1,2";
				TEST_HOST = "$(BUILT_PRODUCTS_DIR)/Cars.app/Cars";
			};
			name = Debug;
		};
		AC984163287C761500BFBCD1 /* Release */ = {
			isa = XCBuildConfiguration;
			baseConfigurationReference = 7E2446CD247AD138BA23E02F /* Pods-CarsTests.release.xcconfig */;
			buildSettings = {
				ALWAYS_EMBED_SWIFT_STANDARD_LIBRARIES = YES;
				BUNDLE_LOADER = "$(TEST_HOST)";
				CODE_SIGN_STYLE = Automatic;
				CURRENT_PROJECT_VERSION = 1;
				GENERATE_INFOPLIST_FILE = YES;
				IPHONEOS_DEPLOYMENT_TARGET = 15.2;
				MARKETING_VERSION = 1.0;
				PRODUCT_BUNDLE_IDENTIFIER = com.raviseta.CarsTests;
				PRODUCT_NAME = "$(TARGET_NAME)";
				SWIFT_EMIT_LOC_STRINGS = NO;
				SWIFT_VERSION = 5.0;
				TARGETED_DEVICE_FAMILY = "1,2";
				TEST_HOST = "$(BUILT_PRODUCTS_DIR)/Cars.app/Cars";
			};
			name = Release;
		};
/* End XCBuildConfiguration section */

/* Begin XCConfigurationList section */
		AC98412F287C761200BFBCD1 /* Build configuration list for PBXProject "Cars" */ = {
			isa = XCConfigurationList;
			buildConfigurations = (
				AC98415C287C761500BFBCD1 /* Debug */,
				AC98415D287C761500BFBCD1 /* Release */,
			);
			defaultConfigurationIsVisible = 0;
			defaultConfigurationName = Release;
		};
		AC98415E287C761500BFBCD1 /* Build configuration list for PBXNativeTarget "Cars" */ = {
			isa = XCConfigurationList;
			buildConfigurations = (
				AC98415F287C761500BFBCD1 /* Debug */,
				AC984160287C761500BFBCD1 /* Release */,
			);
			defaultConfigurationIsVisible = 0;
			defaultConfigurationName = Release;
		};
		AC984161287C761500BFBCD1 /* Build configuration list for PBXNativeTarget "CarsTests" */ = {
			isa = XCConfigurationList;
			buildConfigurations = (
				AC984162287C761500BFBCD1 /* Debug */,
				AC984163287C761500BFBCD1 /* Release */,
			);
			defaultConfigurationIsVisible = 0;
			defaultConfigurationName = Release;
		};
/* End XCConfigurationList section */
	};
	rootObject = AC98412C287C761200BFBCD1 /* Project object */;
}
